{
  "name": "test",
  "version": "1.0.0",
  "lockfileVersion": 1,
  "requires": true,
  "dependencies": {
    "saaheel-frame-print": {
      "version": "1.0.0",
      "resolved": "https://registry.npmjs.org/saaheel-frame-print/-/saaheel-frame-print-1.0.0.tgz",
      "integrity": "sha512-HV+KU9V7Fio2bIg6ZA55in00AaUHaZV5Yz4AtmS7SKI6/fnnXjsWl6RIEhu3EC9S58aH8t4e4WiWk1RW3l0Ipg=="
    }
  }
}
